
Microsoft Visual Studio Solution File, Format Version 12.00
# Visual Studio Version 17
VisualStudioVersion = 17.4.33213.308
MinimumVisualStudioVersion = 10.0.40219.1
Project("{FAE04EC0-301F-11D3-BF4B-00C04F79EFBC}") = "ConsoleAppCircusTrein", "ConsoleAppCircusTrein\ConsoleAppCircusTrein.csproj", "{37FBF012-F222-4FB1-A0CF-195099D3764B}"
EndProject
Project("{FAE04EC0-301F-11D3-BF4B-00C04F79EFBC}") = "ClassLibraryCircusTreinLibrary", "ClassLibraryCircusTreinLibrary\ClassLibraryCircusTreinLibrary.csproj", "{D46E5FEC-E57F-4A5A-BC90-F33664204C59}"
EndProject
Project("{FAE04EC0-301F-11D3-BF4B-00C04F79EFBC}") = "CircusTreinUnitTest", "CircusTreinUnitTest\CircusTreinUnitTest.csproj", "{9619E9ED-ADB7-425D-BD70-03A746BFE005}"
EndProject
Global
	GlobalSection(SolutionConfigurationPlatforms) = preSolution
		Debug|Any CPU = Debug|Any CPU
		Release|Any CPU = Release|Any CPU
	EndGlobalSection
	GlobalSection(ProjectConfigurationPlatforms) = postSolution
		{37FBF012-F222-4FB1-A0CF-195099D3764B}.Debug|Any CPU.ActiveCfg = Debug|Any CPU
		{37FBF012-F222-4FB1-A0CF-195099D3764B}.Debug|Any CPU.Build.0 = Debug|Any CPU
		{37FBF012-F222-4FB1-A0CF-195099D3764B}.Release|Any CPU.ActiveCfg = Release|Any CPU
		{37FBF012-F222-4FB1-A0CF-195099D3764B}.Release|Any CPU.Build.0 = Release|Any CPU
		{D46E5FEC-E57F-4A5A-BC90-F33664204C59}.Debug|Any CPU.ActiveCfg = Debug|Any CPU
		{D46E5FEC-E57F-4A5A-BC90-F33664204C59}.Debug|Any CPU.Build.0 = Debug|Any CPU
		{D46E5FEC-E57F-4A5A-BC90-F33664204C59}.Release|Any CPU.ActiveCfg = Release|Any CPU
		{D46E5FEC-E57F-4A5A-BC90-F33664204C59}.Release|Any CPU.Build.0 = Release|Any CPU
		{9619E9ED-ADB7-425D-BD70-03A746BFE005}.Debug|Any CPU.ActiveCfg = Debug|Any CPU
		{9619E9ED-ADB7-425D-BD70-03A746BFE005}.Debug|Any CPU.Build.0 = Debug|Any CPU
		{9619E9ED-ADB7-425D-BD70-03A746BFE005}.Release|Any CPU.ActiveCfg = Release|Any CPU
		{9619E9ED-ADB7-425D-BD70-03A746BFE005}.Release|Any CPU.Build.0 = Release|Any CPU
	EndGlobalSection
	GlobalSection(SolutionProperties) = preSolution
		HideSolutionNode = FALSE
	EndGlobalSection
	GlobalSection(ExtensibilityGlobals) = postSolution
		SolutionGuid = {20A5AF3E-4D68-48D7-8933-8A6472AD8B2D}
	EndGlobalSection
EndGlobal
